
Microsoft Visual Studio Solution File, Format Version 12.00
# Visual Studio Version 17
VisualStudioVersion = 17.0.31903.59
MinimumVisualStudioVersion = 10.0.40219.1
Project("{2150E333-8FDC-42A3-9474-1A3956D46DE8}") = "Src", "Src", "{5CD2DA22-C007-4594-9225-A51F374287B8}"
EndProject
Project("{9A19103F-16F7-4668-BE54-9A1E7A4F7556}") = "Producer", "Src\Rabbitmq\Direct\Producer\Producer.csproj", "{9D29C22B-79DF-4CED-AACB-A0D9D01FD7D3}"
EndProject
Project("{9A19103F-16F7-4668-BE54-9A1E7A4F7556}") = "Consumer", "Src\Rabbitmq\Direct\Consumer\Consumer.csproj", "{3C570309-CA6B-4919-AF92-E245CD3FBA72}"
EndProject
Project("{2150E333-8FDC-42A3-9474-1A3956D46DE8}") = "Common", "Common", "{12C1FB99-21A4-4FD4-B6E4-39E31968F0F2}"
EndProject
Project("{2150E333-8FDC-42A3-9474-1A3956D46DE8}") = "Direct", "Direct", "{3131500A-A117-4115-BC38-10929FFD4DCF}"
EndProject
Project("{2150E333-8FDC-42A3-9474-1A3956D46DE8}") = "Rabbitmq", "Rabbitmq", "{88786C02-AF4B-4ABC-99AC-2FBE913F2777}"
EndProject
Project("{2150E333-8FDC-42A3-9474-1A3956D46DE8}") = "Topic", "Topic", "{5436F3AA-0A90-4731-A321-5BEB2E1DD017}"
EndProject
Project("{2150E333-8FDC-42A3-9474-1A3956D46DE8}") = "Fanout", "Fanout", "{0803B88A-DD8E-4158-98FD-FDBF71515D54}"
EndProject
Project("{2150E333-8FDC-42A3-9474-1A3956D46DE8}") = "Headers", "Headers", "{3FE36F43-7061-4592-A55E-F5F582BB0EFF}"
EndProject
Project("{9A19103F-16F7-4668-BE54-9A1E7A4F7556}") = "Consumer", "Src\Rabbitmq\Topic\Consumer\Consumer.csproj", "{A129A536-AB9F-4E57-80A4-35F77AA145EA}"
EndProject
Project("{9A19103F-16F7-4668-BE54-9A1E7A4F7556}") = "Producer", "Src\Rabbitmq\Headers\Producer\Producer.csproj", "{E5CFA85D-F868-4492-8C57-E66820DA9C5E}"
EndProject
Project("{9A19103F-16F7-4668-BE54-9A1E7A4F7556}") = "Consumer", "Src\Rabbitmq\Headers\Consumer\Consumer.csproj", "{3AD8805E-8175-4230-995E-7E3E05022E0D}"
EndProject
Project("{9A19103F-16F7-4668-BE54-9A1E7A4F7556}") = "Consumer", "Src\Rabbitmq\Fanout\Consumer\Consumer.csproj", "{BF56FC67-E520-4D16-B78D-3BF6D2F02EC5}"
EndProject
Project("{9A19103F-16F7-4668-BE54-9A1E7A4F7556}") = "Producer", "Src\Rabbitmq\Topic\Producer\Producer.csproj", "{FDF3DD76-78AF-42E8-8DE2-2D8BF4A49C37}"
EndProject
Project("{9A19103F-16F7-4668-BE54-9A1E7A4F7556}") = "Producer", "Src\Rabbitmq\Fanout\Producer\Producer.csproj", "{C252DD98-33E0-48BB-94C8-81D21B99DE90}"
EndProject
Project("{9A19103F-16F7-4668-BE54-9A1E7A4F7556}") = "Common", "Src\Rabbitmq\Common\Common\Common.csproj", "{A68F4C48-23FF-41F0-88FD-51DE41AC73C3}"
EndProject
Project("{2150E333-8FDC-42A3-9474-1A3956D46DE8}") = "MassTransit", "MassTransit", "{8B216914-7DCC-4A66-AE14-599F66063BC0}"
EndProject
Project("{2150E333-8FDC-42A3-9474-1A3956D46DE8}") = "Common", "Common", "{ECC2DB0A-A373-4599-9723-D67D0D00F29C}"
EndProject
Project("{9A19103F-16F7-4668-BE54-9A1E7A4F7556}") = "Common", "Src\MassTransit\Common\Common\Common.csproj", "{4F2187B4-DC5B-4C22-87AA-76F303CABA1A}"
EndProject
Project("{FAE04EC0-301F-11D3-BF4B-00C04F79EFBC}") = "Producer", "Src\MassTransit\Producer\Producer.csproj", "{A011082A-6484-4673-A488-33401961AC3B}"
EndProject
Project("{FAE04EC0-301F-11D3-BF4B-00C04F79EFBC}") = "Consumer", "Src\MassTransit\Consumer\Consumer.csproj", "{DBB85916-772F-4141-BBA2-68059CB04EA7}"
EndProject
Global
	GlobalSection(SolutionConfigurationPlatforms) = preSolution
		Debug|Any CPU = Debug|Any CPU
		Release|Any CPU = Release|Any CPU
	EndGlobalSection
	GlobalSection(ProjectConfigurationPlatforms) = postSolution
		{9D29C22B-79DF-4CED-AACB-A0D9D01FD7D3}.Debug|Any CPU.ActiveCfg = Debug|Any CPU
		{9D29C22B-79DF-4CED-AACB-A0D9D01FD7D3}.Debug|Any CPU.Build.0 = Debug|Any CPU
		{9D29C22B-79DF-4CED-AACB-A0D9D01FD7D3}.Release|Any CPU.ActiveCfg = Release|Any CPU
		{9D29C22B-79DF-4CED-AACB-A0D9D01FD7D3}.Release|Any CPU.Build.0 = Release|Any CPU
		{3C570309-CA6B-4919-AF92-E245CD3FBA72}.Debug|Any CPU.ActiveCfg = Debug|Any CPU
		{3C570309-CA6B-4919-AF92-E245CD3FBA72}.Debug|Any CPU.Build.0 = Debug|Any CPU
		{3C570309-CA6B-4919-AF92-E245CD3FBA72}.Release|Any CPU.ActiveCfg = Release|Any CPU
		{3C570309-CA6B-4919-AF92-E245CD3FBA72}.Release|Any CPU.Build.0 = Release|Any CPU
		{A129A536-AB9F-4E57-80A4-35F77AA145EA}.Debug|Any CPU.ActiveCfg = Debug|Any CPU
		{A129A536-AB9F-4E57-80A4-35F77AA145EA}.Debug|Any CPU.Build.0 = Debug|Any CPU
		{A129A536-AB9F-4E57-80A4-35F77AA145EA}.Release|Any CPU.ActiveCfg = Release|Any CPU
		{A129A536-AB9F-4E57-80A4-35F77AA145EA}.Release|Any CPU.Build.0 = Release|Any CPU
		{E5CFA85D-F868-4492-8C57-E66820DA9C5E}.Debug|Any CPU.ActiveCfg = Debug|Any CPU
		{E5CFA85D-F868-4492-8C57-E66820DA9C5E}.Debug|Any CPU.Build.0 = Debug|Any CPU
		{E5CFA85D-F868-4492-8C57-E66820DA9C5E}.Release|Any CPU.ActiveCfg = Release|Any CPU
		{E5CFA85D-F868-4492-8C57-E66820DA9C5E}.Release|Any CPU.Build.0 = Release|Any CPU
		{3AD8805E-8175-4230-995E-7E3E05022E0D}.Debug|Any CPU.ActiveCfg = Debug|Any CPU
		{3AD8805E-8175-4230-995E-7E3E05022E0D}.Debug|Any CPU.Build.0 = Debug|Any CPU
		{3AD8805E-8175-4230-995E-7E3E05022E0D}.Release|Any CPU.ActiveCfg = Release|Any CPU
		{3AD8805E-8175-4230-995E-7E3E05022E0D}.Release|Any CPU.Build.0 = Release|Any CPU
		{BF56FC67-E520-4D16-B78D-3BF6D2F02EC5}.Debug|Any CPU.ActiveCfg = Debug|Any CPU
		{BF56FC67-E520-4D16-B78D-3BF6D2F02EC5}.Debug|Any CPU.Build.0 = Debug|Any CPU
		{BF56FC67-E520-4D16-B78D-3BF6D2F02EC5}.Release|Any CPU.ActiveCfg = Release|Any CPU
		{BF56FC67-E520-4D16-B78D-3BF6D2F02EC5}.Release|Any CPU.Build.0 = Release|Any CPU
		{FDF3DD76-78AF-42E8-8DE2-2D8BF4A49C37}.Debug|Any CPU.ActiveCfg = Debug|Any CPU
		{FDF3DD76-78AF-42E8-8DE2-2D8BF4A49C37}.Debug|Any CPU.Build.0 = Debug|Any CPU
		{FDF3DD76-78AF-42E8-8DE2-2D8BF4A49C37}.Release|Any CPU.ActiveCfg = Release|Any CPU
		{FDF3DD76-78AF-42E8-8DE2-2D8BF4A49C37}.Release|Any CPU.Build.0 = Release|Any CPU
		{C252DD98-33E0-48BB-94C8-81D21B99DE90}.Debug|Any CPU.ActiveCfg = Debug|Any CPU
		{C252DD98-33E0-48BB-94C8-81D21B99DE90}.Debug|Any CPU.Build.0 = Debug|Any CPU
		{C252DD98-33E0-48BB-94C8-81D21B99DE90}.Release|Any CPU.ActiveCfg = Release|Any CPU
		{C252DD98-33E0-48BB-94C8-81D21B99DE90}.Release|Any CPU.Build.0 = Release|Any CPU
		{A68F4C48-23FF-41F0-88FD-51DE41AC73C3}.Debug|Any CPU.ActiveCfg = Debug|Any CPU
		{A68F4C48-23FF-41F0-88FD-51DE41AC73C3}.Debug|Any CPU.Build.0 = Debug|Any CPU
		{A68F4C48-23FF-41F0-88FD-51DE41AC73C3}.Release|Any CPU.ActiveCfg = Release|Any CPU
		{A68F4C48-23FF-41F0-88FD-51DE41AC73C3}.Release|Any CPU.Build.0 = Release|Any CPU
		{4F2187B4-DC5B-4C22-87AA-76F303CABA1A}.Debug|Any CPU.ActiveCfg = Debug|Any CPU
		{4F2187B4-DC5B-4C22-87AA-76F303CABA1A}.Debug|Any CPU.Build.0 = Debug|Any CPU
		{4F2187B4-DC5B-4C22-87AA-76F303CABA1A}.Release|Any CPU.ActiveCfg = Release|Any CPU
		{4F2187B4-DC5B-4C22-87AA-76F303CABA1A}.Release|Any CPU.Build.0 = Release|Any CPU
		{A011082A-6484-4673-A488-33401961AC3B}.Debug|Any CPU.ActiveCfg = Debug|Any CPU
		{A011082A-6484-4673-A488-33401961AC3B}.Debug|Any CPU.Build.0 = Debug|Any CPU
		{A011082A-6484-4673-A488-33401961AC3B}.Release|Any CPU.ActiveCfg = Release|Any CPU
		{A011082A-6484-4673-A488-33401961AC3B}.Release|Any CPU.Build.0 = Release|Any CPU
		{DBB85916-772F-4141-BBA2-68059CB04EA7}.Debug|Any CPU.ActiveCfg = Debug|Any CPU
		{DBB85916-772F-4141-BBA2-68059CB04EA7}.Debug|Any CPU.Build.0 = Debug|Any CPU
		{DBB85916-772F-4141-BBA2-68059CB04EA7}.Release|Any CPU.ActiveCfg = Release|Any CPU
		{DBB85916-772F-4141-BBA2-68059CB04EA7}.Release|Any CPU.Build.0 = Release|Any CPU
	EndGlobalSection
	GlobalSection(SolutionProperties) = preSolution
		HideSolutionNode = FALSE
	EndGlobalSection
	GlobalSection(NestedProjects) = preSolution
		{9D29C22B-79DF-4CED-AACB-A0D9D01FD7D3} = {3131500A-A117-4115-BC38-10929FFD4DCF}
		{3C570309-CA6B-4919-AF92-E245CD3FBA72} = {3131500A-A117-4115-BC38-10929FFD4DCF}
		{12C1FB99-21A4-4FD4-B6E4-39E31968F0F2} = {88786C02-AF4B-4ABC-99AC-2FBE913F2777}
		{3131500A-A117-4115-BC38-10929FFD4DCF} = {88786C02-AF4B-4ABC-99AC-2FBE913F2777}
		{88786C02-AF4B-4ABC-99AC-2FBE913F2777} = {5CD2DA22-C007-4594-9225-A51F374287B8}
		{5436F3AA-0A90-4731-A321-5BEB2E1DD017} = {88786C02-AF4B-4ABC-99AC-2FBE913F2777}
		{0803B88A-DD8E-4158-98FD-FDBF71515D54} = {88786C02-AF4B-4ABC-99AC-2FBE913F2777}
		{3FE36F43-7061-4592-A55E-F5F582BB0EFF} = {88786C02-AF4B-4ABC-99AC-2FBE913F2777}
		{A129A536-AB9F-4E57-80A4-35F77AA145EA} = {5436F3AA-0A90-4731-A321-5BEB2E1DD017}
		{E5CFA85D-F868-4492-8C57-E66820DA9C5E} = {3FE36F43-7061-4592-A55E-F5F582BB0EFF}
		{3AD8805E-8175-4230-995E-7E3E05022E0D} = {3FE36F43-7061-4592-A55E-F5F582BB0EFF}
		{BF56FC67-E520-4D16-B78D-3BF6D2F02EC5} = {0803B88A-DD8E-4158-98FD-FDBF71515D54}
		{FDF3DD76-78AF-42E8-8DE2-2D8BF4A49C37} = {5436F3AA-0A90-4731-A321-5BEB2E1DD017}
		{C252DD98-33E0-48BB-94C8-81D21B99DE90} = {0803B88A-DD8E-4158-98FD-FDBF71515D54}
		{A68F4C48-23FF-41F0-88FD-51DE41AC73C3} = {12C1FB99-21A4-4FD4-B6E4-39E31968F0F2}
		{8B216914-7DCC-4A66-AE14-599F66063BC0} = {5CD2DA22-C007-4594-9225-A51F374287B8}
		{ECC2DB0A-A373-4599-9723-D67D0D00F29C} = {8B216914-7DCC-4A66-AE14-599F66063BC0}
		{4F2187B4-DC5B-4C22-87AA-76F303CABA1A} = {ECC2DB0A-A373-4599-9723-D67D0D00F29C}
		{A011082A-6484-4673-A488-33401961AC3B} = {8B216914-7DCC-4A66-AE14-599F66063BC0}
		{DBB85916-772F-4141-BBA2-68059CB04EA7} = {8B216914-7DCC-4A66-AE14-599F66063BC0}
	EndGlobalSection
	GlobalSection(ExtensibilityGlobals) = postSolution
		SolutionGuid = {F6F93796-9BD3-44BB-BAB1-5C02D2340E21}
	EndGlobalSection
EndGlobal
